
Microsoft Visual Studio Solution File, Format Version 12.00
# Visual Studio 2013
VisualStudioVersion = 12.0.31101.0
MinimumVisualStudioVersion = 10.0.40219.1
Project("{FAE04EC0-301F-11D3-BF4B-00C04F79EFBC}") = "Logistica_Review", "Logistica_Review\Logistica_Review.csproj", "{56A16D30-40FF-4EF7-B94D-ABE84629F4BC}"
EndProject
Project("{FAE04EC0-301F-11D3-BF4B-00C04F79EFBC}") = "Logistica_Review_Tests", "Logistica_Review_Tests\Logistica_Review_Tests.csproj", "{30A72D3F-B320-44CF-8F0E-E2BA545231E0}"
EndProject
Global
	GlobalSection(SolutionConfigurationPlatforms) = preSolution
		Debug|Any CPU = Debug|Any CPU
		Release|Any CPU = Release|Any CPU
	EndGlobalSection
	GlobalSection(ProjectConfigurationPlatforms) = postSolution
		{56A16D30-40FF-4EF7-B94D-ABE84629F4BC}.Debug|Any CPU.ActiveCfg = Debug|Any CPU
		{56A16D30-40FF-4EF7-B94D-ABE84629F4BC}.Debug|Any CPU.Build.0 = Debug|Any CPU
		{56A16D30-40FF-4EF7-B94D-ABE84629F4BC}.Release|Any CPU.ActiveCfg = Release|Any CPU
		{56A16D30-40FF-4EF7-B94D-ABE84629F4BC}.Release|Any CPU.Build.0 = Release|Any CPU
		{30A72D3F-B320-44CF-8F0E-E2BA545231E0}.Debug|Any CPU.ActiveCfg = Debug|Any CPU
		{30A72D3F-B320-44CF-8F0E-E2BA545231E0}.Debug|Any CPU.Build.0 = Debug|Any CPU
		{30A72D3F-B320-44CF-8F0E-E2BA545231E0}.Release|Any CPU.ActiveCfg = Release|Any CPU
		{30A72D3F-B320-44CF-8F0E-E2BA545231E0}.Release|Any CPU.Build.0 = Release|Any CPU
	EndGlobalSection
	GlobalSection(SolutionProperties) = preSolution
		HideSolutionNode = FALSE
	EndGlobalSection
EndGlobal
